
Microsoft Visual Studio Solution File, Format Version 12.00
# Visual Studio 15
VisualStudioVersion = 15.0.28307.168
MinimumVisualStudioVersion = 10.0.40219.1
Project("{FAE04EC0-301F-11D3-BF4B-00C04F79EFBC}") = "MSC_LemonadeStande", "MSC_LemonadeStande\MSC_LemonadeStande.csproj", "{EABC610E-0B84-41FA-84F6-6782DE888443}"
EndProject
Global
	GlobalSection(SolutionConfigurationPlatforms) = preSolution
		Debug|Any CPU = Debug|Any CPU
		Release|Any CPU = Release|Any CPU
	EndGlobalSection
	GlobalSection(ProjectConfigurationPlatforms) = postSolution
		{EABC610E-0B84-41FA-84F6-6782DE888443}.Debug|Any CPU.ActiveCfg = Debug|Any CPU
		{EABC610E-0B84-41FA-84F6-6782DE888443}.Debug|Any CPU.Build.0 = Debug|Any CPU
		{EABC610E-0B84-41FA-84F6-6782DE888443}.Release|Any CPU.ActiveCfg = Release|Any CPU
		{EABC610E-0B84-41FA-84F6-6782DE888443}.Release|Any CPU.Build.0 = Release|Any CPU
	EndGlobalSection
	GlobalSection(SolutionProperties) = preSolution
		HideSolutionNode = FALSE
	EndGlobalSection
	GlobalSection(ExtensibilityGlobals) = postSolution
		SolutionGuid = {3BDF2197-A4A9-4AE2-A107-235756ECA1BB}
	EndGlobalSection
EndGlobal
